
Microsoft Visual Studio Solution File, Format Version 12.00
# Visual Studio Version 17
VisualStudioVersion = 17.3.32929.385
MinimumVisualStudioVersion = 10.0.40219.1
Project("{2150E333-8FDC-42A3-9474-1A3956D46DE8}") = "FrontEnd", "FrontEnd", "{F05783E3-3977-458B-8255-71E97D183E94}"
EndProject
Project("{9A19103F-16F7-4668-BE54-9A1E7A4F7556}") = "ForuMe.Web", "ForuMe.Web\ForuMe.Web.csproj", "{8BD77AFC-51EC-4340-A776-7FDFC8A3B0D0}"
EndProject
Project("{2150E333-8FDC-42A3-9474-1A3956D46DE8}") = "Services", "Services", "{78B2008E-B3B5-4E2B-B8EA-A795BA01D0B3}"
EndProject
Project("{9A19103F-16F7-4668-BE54-9A1E7A4F7556}") = "ForuMe.Services.BlogAPI", "ForuMe.Services.BlogAPI\ForuMe.Services.BlogAPI.csproj", "{0104325A-FDC9-443B-9D02-68AB6B7AFB7B}"
EndProject
Project("{FAE04EC0-301F-11D3-BF4B-00C04F79EFBC}") = "ForuMe.Services.Identity", "ForuMe.Services.Identity\ForuMe.Services.Identity.csproj", "{7F230A0C-EB95-4A7F-8205-D99A5BFF15B5}"
EndProject
Global
	GlobalSection(SolutionConfigurationPlatforms) = preSolution
		Debug|Any CPU = Debug|Any CPU
		Release|Any CPU = Release|Any CPU
	EndGlobalSection
	GlobalSection(ProjectConfigurationPlatforms) = postSolution
		{8BD77AFC-51EC-4340-A776-7FDFC8A3B0D0}.Debug|Any CPU.ActiveCfg = Debug|Any CPU
		{8BD77AFC-51EC-4340-A776-7FDFC8A3B0D0}.Debug|Any CPU.Build.0 = Debug|Any CPU
		{8BD77AFC-51EC-4340-A776-7FDFC8A3B0D0}.Release|Any CPU.ActiveCfg = Release|Any CPU
		{8BD77AFC-51EC-4340-A776-7FDFC8A3B0D0}.Release|Any CPU.Build.0 = Release|Any CPU
		{0104325A-FDC9-443B-9D02-68AB6B7AFB7B}.Debug|Any CPU.ActiveCfg = Debug|Any CPU
		{0104325A-FDC9-443B-9D02-68AB6B7AFB7B}.Debug|Any CPU.Build.0 = Debug|Any CPU
		{0104325A-FDC9-443B-9D02-68AB6B7AFB7B}.Release|Any CPU.ActiveCfg = Release|Any CPU
		{0104325A-FDC9-443B-9D02-68AB6B7AFB7B}.Release|Any CPU.Build.0 = Release|Any CPU
		{7F230A0C-EB95-4A7F-8205-D99A5BFF15B5}.Debug|Any CPU.ActiveCfg = Debug|Any CPU
		{7F230A0C-EB95-4A7F-8205-D99A5BFF15B5}.Debug|Any CPU.Build.0 = Debug|Any CPU
		{7F230A0C-EB95-4A7F-8205-D99A5BFF15B5}.Release|Any CPU.ActiveCfg = Release|Any CPU
		{7F230A0C-EB95-4A7F-8205-D99A5BFF15B5}.Release|Any CPU.Build.0 = Release|Any CPU
	EndGlobalSection
	GlobalSection(SolutionProperties) = preSolution
		HideSolutionNode = FALSE
	EndGlobalSection
	GlobalSection(NestedProjects) = preSolution
		{8BD77AFC-51EC-4340-A776-7FDFC8A3B0D0} = {F05783E3-3977-458B-8255-71E97D183E94}
		{0104325A-FDC9-443B-9D02-68AB6B7AFB7B} = {78B2008E-B3B5-4E2B-B8EA-A795BA01D0B3}
		{7F230A0C-EB95-4A7F-8205-D99A5BFF15B5} = {78B2008E-B3B5-4E2B-B8EA-A795BA01D0B3}
	EndGlobalSection
	GlobalSection(ExtensibilityGlobals) = postSolution
		SolutionGuid = {4091541C-3716-4A84-B996-A5AC97D52AEC}
	EndGlobalSection
EndGlobal
